
Microsoft Visual Studio Solution File, Format Version 12.00
# Visual Studio 15
VisualStudioVersion = 15.0.27703.2042
MinimumVisualStudioVersion = 10.0.40219.1
Project("{FAE04EC0-301F-11D3-BF4B-00C04F79EFBC}") = "WpfApp1", "WpfApp1\WpfApp1.csproj", "{E95F22C3-14DD-4233-8F04-F7522FB951EC}"
EndProject
Global
	GlobalSection(SolutionConfigurationPlatforms) = preSolution
		Debug|Any CPU = Debug|Any CPU
		Release|Any CPU = Release|Any CPU
	EndGlobalSection
	GlobalSection(ProjectConfigurationPlatforms) = postSolution
		{E95F22C3-14DD-4233-8F04-F7522FB951EC}.Debug|Any CPU.ActiveCfg = Debug|Any CPU
		{E95F22C3-14DD-4233-8F04-F7522FB951EC}.Debug|Any CPU.Build.0 = Debug|Any CPU
		{E95F22C3-14DD-4233-8F04-F7522FB951EC}.Release|Any CPU.ActiveCfg = Release|Any CPU
		{E95F22C3-14DD-4233-8F04-F7522FB951EC}.Release|Any CPU.Build.0 = Release|Any CPU
	EndGlobalSection
	GlobalSection(SolutionProperties) = preSolution
		HideSolutionNode = FALSE
	EndGlobalSection
	GlobalSection(ExtensibilityGlobals) = postSolution
		SolutionGuid = {BD00BF3C-B3CC-42D2-A98D-81E30F0C5EC0}
	EndGlobalSection
EndGlobal
